// !$*UTF8*$!
{
	archiveVersion = 1;
	classes = {
	};
	objectVersion = 46;
	objects = {

/* Begin PBXBuildFile section */
		34A459789755BBB0DE5CCC49 /* libPods.a in Frameworks */ = {isa = PBXBuildFile; fileRef = EBC71BEDB7E0DC9174B927A8 /* libPods.a */; };
		A19B18F568D4461411137874 /* libPods.a in Frameworks */ = {isa = PBXBuildFile; fileRef = EBC71BEDB7E0DC9174B927A8 /* libPods.a */; };
		E3C247021AF9118B00B0600E /* Main.storyboard in Resources */ = {isa = PBXBuildFile; fileRef = E3C247001AF9118B00B0600E /* Main.storyboard */; };
		E3C247071AF9118B00B0600E /* LaunchScreen.xib in Resources */ = {isa = PBXBuildFile; fileRef = E3C247051AF9118B00B0600E /* LaunchScreen.xib */; };
		E3C247131AF9118C00B0600E /* ContactsTests.swift in Sources */ = {isa = PBXBuildFile; fileRef = E3C247121AF9118C00B0600E /* ContactsTests.swift */; };
		E3C2471E1AF92D7500B0600E /* AppDelegate.swift in Sources */ = {isa = PBXBuildFile; fileRef = E3C2471D1AF92D7500B0600E /* AppDelegate.swift */; };
		E3C247211AF92D9200B0600E /* Images.xcassets in Resources */ = {isa = PBXBuildFile; fileRef = E3C247201AF92D9200B0600E /* Images.xcassets */; };
		E3C2472B1AF92EF800B0600E /* ContactsTableViewController.swift in Sources */ = {isa = PBXBuildFile; fileRef = E3C2472A1AF92EF800B0600E /* ContactsTableViewController.swift */; };
		E3C2472E1AF931A600B0600E /* Contact.swift in Sources */ = {isa = PBXBuildFile; fileRef = E3C2472D1AF931A600B0600E /* Contact.swift */; };
		E3C247331AF9379500B0600E /* ContactTableViewCell.swift in Sources */ = {isa = PBXBuildFile; fileRef = E3C247321AF9379500B0600E /* ContactTableViewCell.swift */; };
		E3C247351AF9972D00B0600E /* NewContactViewController.swift in Sources */ = {isa = PBXBuildFile; fileRef = E3C247341AF9972D00B0600E /* NewContactViewController.swift */; };
		E3C247371AF99C6800B0600E /* ContactDetailsViewController.swift in Sources */ = {isa = PBXBuildFile; fileRef = E3C247361AF99C6800B0600E /* ContactDetailsViewController.swift */; };
		E3C247471AF9A13B00B0600E /* Contacts WatchKit App.app in Resources */ = {isa = PBXBuildFile; fileRef = E3C247461AF9A13B00B0600E /* Contacts WatchKit App.app */; };
		E3C2474F1AF9A13B00B0600E /* Interface.storyboard in Resources */ = {isa = PBXBuildFile; fileRef = E3C2474D1AF9A13B00B0600E /* Interface.storyboard */; };
		E3C247511AF9A13B00B0600E /* Images.xcassets in Resources */ = {isa = PBXBuildFile; fileRef = E3C247501AF9A13B00B0600E /* Images.xcassets */; };
		E3C247541AF9A13B00B0600E /* Contacts WatchKit Extension.appex in Embed App Extensions */ = {isa = PBXBuildFile; fileRef = E3C2473C1AF9A13B00B0600E /* Contacts WatchKit Extension.appex */; settings = {ATTRIBUTES = (RemoveHeadersOnCopy, ); }; };
		E3C2475F1AF9A87A00B0600E /* InterfaceController.swift in Sources */ = {isa = PBXBuildFile; fileRef = E3C2475E1AF9A87A00B0600E /* InterfaceController.swift */; };
		E3C247621AF9A88B00B0600E /* Images.xcassets in Resources */ = {isa = PBXBuildFile; fileRef = E3C247611AF9A88B00B0600E /* Images.xcassets */; };
/* End PBXBuildFile section */

/* Begin PBXContainerItemProxy section */
		E3C2470D1AF9118C00B0600E /* PBXContainerItemProxy */ = {
			isa = PBXContainerItemProxy;
			containerPortal = E3C246EF1AF9118B00B0600E /* Project object */;
			proxyType = 1;
			remoteGlobalIDString = E3C246F61AF9118B00B0600E;
			remoteInfo = Contacts;
		};
		E3C247481AF9A13B00B0600E /* PBXContainerItemProxy */ = {
			isa = PBXContainerItemProxy;
			containerPortal = E3C246EF1AF9118B00B0600E /* Project object */;
			proxyType = 1;
			remoteGlobalIDString = E3C247451AF9A13B00B0600E;
			remoteInfo = "Contacts WatchKit App";
		};
		E3C247521AF9A13B00B0600E /* PBXContainerItemProxy */ = {
			isa = PBXContainerItemProxy;
			containerPortal = E3C246EF1AF9118B00B0600E /* Project object */;
			proxyType = 1;
			remoteGlobalIDString = E3C2473B1AF9A13B00B0600E;
			remoteInfo = "Contacts WatchKit Extension";
		};
/* End PBXContainerItemProxy section */

/* Begin PBXCopyFilesBuildPhase section */
		E3C2475B1AF9A13B00B0600E /* Embed App Extensions */ = {
			isa = PBXCopyFilesBuildPhase;
			buildActionMask = 2147483647;
			dstPath = "";
			dstSubfolderSpec = 13;
			files = (
				E3C247541AF9A13B00B0600E /* Contacts WatchKit Extension.appex in Embed App Extensions */,
			);
			name = "Embed App Extensions";
			runOnlyForDeploymentPostprocessing = 0;
		};
/* End PBXCopyFilesBuildPhase section */

/* Begin PBXFileReference section */
		78DB22EC455DF6D2DEDD374F /* Pods.release.xcconfig */ = {isa = PBXFileReference; includeInIndex = 1; lastKnownFileType = text.xcconfig; name = Pods.release.xcconfig; path = "Pods/Target Support Files/Pods/Pods.release.xcconfig"; sourceTree = "<group>"; };
		CEEA707B8317AA646FDE94E8 /* Pods.debug.xcconfig */ = {isa = PBXFileReference; includeInIndex = 1; lastKnownFileType = text.xcconfig; name = Pods.debug.xcconfig; path = "Pods/Target Support Files/Pods/Pods.debug.xcconfig"; sourceTree = "<group>"; };
		E3C246F71AF9118B00B0600E /* Contacts.app */ = {isa = PBXFileReference; explicitFileType = wrapper.application; includeInIndex = 0; path = Contacts.app; sourceTree = BUILT_PRODUCTS_DIR; };
		E3C246FB1AF9118B00B0600E /* Info.plist */ = {isa = PBXFileReference; lastKnownFileType = text.plist.xml; path = Info.plist; sourceTree = "<group>"; };
		E3C247011AF9118B00B0600E /* Base */ = {isa = PBXFileReference; lastKnownFileType = file.storyboard; name = Base; path = Base.lproj/Main.storyboard; sourceTree = "<group>"; };
		E3C247061AF9118B00B0600E /* Base */ = {isa = PBXFileReference; lastKnownFileType = file.xib; name = Base; path = Base.lproj/LaunchScreen.xib; sourceTree = "<group>"; };
		E3C2470C1AF9118C00B0600E /* ContactsTests.xctest */ = {isa = PBXFileReference; explicitFileType = wrapper.cfbundle; includeInIndex = 0; path = ContactsTests.xctest; sourceTree = BUILT_PRODUCTS_DIR; };
		E3C247111AF9118C00B0600E /* Info.plist */ = {isa = PBXFileReference; lastKnownFileType = text.plist.xml; path = Info.plist; sourceTree = "<group>"; };
		E3C247121AF9118C00B0600E /* ContactsTests.swift */ = {isa = PBXFileReference; lastKnownFileType = sourcecode.swift; path = ContactsTests.swift; sourceTree = "<group>"; };
		E3C2471D1AF92D7500B0600E /* AppDelegate.swift */ = {isa = PBXFileReference; fileEncoding = 4; lastKnownFileType = sourcecode.swift; path = AppDelegate.swift; sourceTree = "<group>"; };
		E3C247201AF92D9200B0600E /* Images.xcassets */ = {isa = PBXFileReference; lastKnownFileType = folder.assetcatalog; path = Images.xcassets; sourceTree = "<group>"; };
		E3C2472A1AF92EF800B0600E /* ContactsTableViewController.swift */ = {isa = PBXFileReference; fileEncoding = 4; lastKnownFileType = sourcecode.swift; path = ContactsTableViewController.swift; sourceTree = "<group>"; };
		E3C2472D1AF931A600B0600E /* Contact.swift */ = {isa = PBXFileReference; fileEncoding = 4; lastKnownFileType = sourcecode.swift; path = Contact.swift; sourceTree = "<group>"; };
		E3C247321AF9379500B0600E /* ContactTableViewCell.swift */ = {isa = PBXFileReference; fileEncoding = 4; lastKnownFileType = sourcecode.swift; path = ContactTableViewCell.swift; sourceTree = "<group>"; };
		E3C247341AF9972D00B0600E /* NewContactViewController.swift */ = {isa = PBXFileReference; fileEncoding = 4; lastKnownFileType = sourcecode.swift; path = NewContactViewController.swift; sourceTree = "<group>"; };
		E3C247361AF99C6800B0600E /* ContactDetailsViewController.swift */ = {isa = PBXFileReference; fileEncoding = 4; lastKnownFileType = sourcecode.swift; path = ContactDetailsViewController.swift; sourceTree = "<group>"; };
		E3C2473C1AF9A13B00B0600E /* Contacts WatchKit Extension.appex */ = {isa = PBXFileReference; explicitFileType = "wrapper.app-extension"; includeInIndex = 0; path = "Contacts WatchKit Extension.appex"; sourceTree = BUILT_PRODUCTS_DIR; };
		E3C2473F1AF9A13B00B0600E /* Info.plist */ = {isa = PBXFileReference; lastKnownFileType = text.plist.xml; path = Info.plist; sourceTree = "<group>"; };
		E3C247461AF9A13B00B0600E /* Contacts WatchKit App.app */ = {isa = PBXFileReference; explicitFileType = wrapper.application; includeInIndex = 0; path = "Contacts WatchKit App.app"; sourceTree = BUILT_PRODUCTS_DIR; };
		E3C2474C1AF9A13B00B0600E /* Info.plist */ = {isa = PBXFileReference; lastKnownFileType = text.plist.xml; path = Info.plist; sourceTree = "<group>"; };
		E3C2474E1AF9A13B00B0600E /* Base */ = {isa = PBXFileReference; lastKnownFileType = file.storyboard; name = Base; path = Base.lproj/Interface.storyboard; sourceTree = "<group>"; };
		E3C247501AF9A13B00B0600E /* Images.xcassets */ = {isa = PBXFileReference; lastKnownFileType = folder.assetcatalog; path = Images.xcassets; sourceTree = "<group>"; };
		E3C2475E1AF9A87A00B0600E /* InterfaceController.swift */ = {isa = PBXFileReference; fileEncoding = 4; lastKnownFileType = sourcecode.swift; path = InterfaceController.swift; sourceTree = "<group>"; };
		E3C247611AF9A88B00B0600E /* Images.xcassets */ = {isa = PBXFileReference; lastKnownFileType = folder.assetcatalog; path = Images.xcassets; sourceTree = "<group>"; };
		EBC71BEDB7E0DC9174B927A8 /* libPods.a */ = {isa = PBXFileReference; explicitFileType = archive.ar; includeInIndex = 0; path = libPods.a; sourceTree = BUILT_PRODUCTS_DIR; };
/* End PBXFileReference section */

/* Begin PBXFrameworksBuildPhase section */
		E3C246F41AF9118B00B0600E /* Frameworks */ = {
			isa = PBXFrameworksBuildPhase;
			buildActionMask = 2147483647;
			files = (
				A19B18F568D4461411137874 /* libPods.a in Frameworks */,
			);
			runOnlyForDeploymentPostprocessing = 0;
		};
		E3C247091AF9118C00B0600E /* Frameworks */ = {
			isa = PBXFrameworksBuildPhase;
			buildActionMask = 2147483647;
			files = (
			);
			runOnlyForDeploymentPostprocessing = 0;
		};
		E3C247391AF9A13B00B0600E /* Frameworks */ = {
			isa = PBXFrameworksBuildPhase;
			buildActionMask = 2147483647;
			files = (
				34A459789755BBB0DE5CCC49 /* libPods.a in Frameworks */,
			);
			runOnlyForDeploymentPostprocessing = 0;
		};
/* End PBXFrameworksBuildPhase section */

/* Begin PBXGroup section */
		75652B1BCEF98B5109019B15 /* Pods */ = {
			isa = PBXGroup;
			children = (
				CEEA707B8317AA646FDE94E8 /* Pods.debug.xcconfig */,
				78DB22EC455DF6D2DEDD374F /* Pods.release.xcconfig */,
			);
			name = Pods;
			sourceTree = "<group>";
		};
		C46707A44545B0F685118166 /* Frameworks */ = {
			isa = PBXGroup;
			children = (
				EBC71BEDB7E0DC9174B927A8 /* libPods.a */,
			);
			name = Frameworks;
			sourceTree = "<group>";
		};
		E3C246EE1AF9118B00B0600E = {
			isa = PBXGroup;
			children = (
				E3C246F91AF9118B00B0600E /* Contacts */,
				E3C2470F1AF9118C00B0600E /* ContactsTests */,
				E3C2473D1AF9A13B00B0600E /* Contacts WatchKit Extension */,
				E3C2474A1AF9A13B00B0600E /* Contacts WatchKit App */,
				E3C246F81AF9118B00B0600E /* Products */,
				75652B1BCEF98B5109019B15 /* Pods */,
				C46707A44545B0F685118166 /* Frameworks */,
			);
			sourceTree = "<group>";
		};
		E3C246F81AF9118B00B0600E /* Products */ = {
			isa = PBXGroup;
			children = (
				E3C246F71AF9118B00B0600E /* Contacts.app */,
				E3C2470C1AF9118C00B0600E /* ContactsTests.xctest */,
				E3C2473C1AF9A13B00B0600E /* Contacts WatchKit Extension.appex */,
				E3C247461AF9A13B00B0600E /* Contacts WatchKit App.app */,
			);
			name = Products;
			sourceTree = "<group>";
		};
		E3C246F91AF9118B00B0600E /* Contacts */ = {
			isa = PBXGroup;
			children = (
				E3C2471C1AF92D7500B0600E /* App */,
				E3C247281AF92ED800B0600E /* Classes */,
				E3C2471F1AF92D9200B0600E /* Resources */,
				E3C246FA1AF9118B00B0600E /* Supporting Files */,
			);
			path = Contacts;
			sourceTree = "<group>";
		};
		E3C246FA1AF9118B00B0600E /* Supporting Files */ = {
			isa = PBXGroup;
			children = (
				E3C246FB1AF9118B00B0600E /* Info.plist */,
			);
			name = "Supporting Files";
			sourceTree = "<group>";
		};
		E3C2470F1AF9118C00B0600E /* ContactsTests */ = {
			isa = PBXGroup;
			children = (
				E3C247121AF9118C00B0600E /* ContactsTests.swift */,
				E3C247101AF9118C00B0600E /* Supporting Files */,
			);
			path = ContactsTests;
			sourceTree = "<group>";
		};
		E3C247101AF9118C00B0600E /* Supporting Files */ = {
			isa = PBXGroup;
			children = (
				E3C247111AF9118C00B0600E /* Info.plist */,
			);
			name = "Supporting Files";
			sourceTree = "<group>";
		};
		E3C2471C1AF92D7500B0600E /* App */ = {
			isa = PBXGroup;
			children = (
				E3C2471D1AF92D7500B0600E /* AppDelegate.swift */,
				E3C247051AF9118B00B0600E /* LaunchScreen.xib */,
				E3C247001AF9118B00B0600E /* Main.storyboard */,
			);
			path = App;
			sourceTree = "<group>";
		};
		E3C2471F1AF92D9200B0600E /* Resources */ = {
			isa = PBXGroup;
			children = (
				E3C247201AF92D9200B0600E /* Images.xcassets */,
			);
			path = Resources;
			sourceTree = "<group>";
		};
		E3C247281AF92ED800B0600E /* Classes */ = {
			isa = PBXGroup;
			children = (
				E3C2472C1AF9319A00B0600E /* Models */,
				E3C247291AF92ED800B0600E /* ViewControllers */,
				E3C247311AF9374900B0600E /* Views */,
			);
			path = Classes;
			sourceTree = "<group>";
		};
		E3C247291AF92ED800B0600E /* ViewControllers */ = {
			isa = PBXGroup;
			children = (
				E3C247361AF99C6800B0600E /* ContactDetailsViewController.swift */,
				E3C2472A1AF92EF800B0600E /* ContactsTableViewController.swift */,
				E3C247341AF9972D00B0600E /* NewContactViewController.swift */,
			);
			path = ViewControllers;
			sourceTree = "<group>";
		};
		E3C2472C1AF9319A00B0600E /* Models */ = {
			isa = PBXGroup;
			children = (
				E3C2472D1AF931A600B0600E /* Contact.swift */,
			);
			path = Models;
			sourceTree = "<group>";
		};
		E3C247311AF9374900B0600E /* Views */ = {
			isa = PBXGroup;
			children = (
				E3C247321AF9379500B0600E /* ContactTableViewCell.swift */,
			);
			path = Views;
			sourceTree = "<group>";
		};
		E3C2473D1AF9A13B00B0600E /* Contacts WatchKit Extension */ = {
			isa = PBXGroup;
			children = (
				E3C2475C1AF9A87A00B0600E /* Classes */,
				E3C247601AF9A88B00B0600E /* Resources */,
				E3C2473E1AF9A13B00B0600E /* Supporting Files */,
			);
			path = "Contacts WatchKit Extension";
			sourceTree = "<group>";
		};
		E3C2473E1AF9A13B00B0600E /* Supporting Files */ = {
			isa = PBXGroup;
			children = (
				E3C2473F1AF9A13B00B0600E /* Info.plist */,
			);
			name = "Supporting Files";
			sourceTree = "<group>";
		};
		E3C2474A1AF9A13B00B0600E /* Contacts WatchKit App */ = {
			isa = PBXGroup;
			children = (
				E3C2474D1AF9A13B00B0600E /* Interface.storyboard */,
				E3C247501AF9A13B00B0600E /* Images.xcassets */,
				E3C2474B1AF9A13B00B0600E /* Supporting Files */,
			);
			path = "Contacts WatchKit App";
			sourceTree = "<group>";
		};
		E3C2474B1AF9A13B00B0600E /* Supporting Files */ = {
			isa = PBXGroup;
			children = (
				E3C2474C1AF9A13B00B0600E /* Info.plist */,
			);
			name = "Supporting Files";
			sourceTree = "<group>";
		};
		E3C2475C1AF9A87A00B0600E /* Classes */ = {
			isa = PBXGroup;
			children = (
				E3C2475D1AF9A87A00B0600E /* ViewControllers */,
			);
			path = Classes;
			sourceTree = "<group>";
		};
		E3C2475D1AF9A87A00B0600E /* ViewControllers */ = {
			isa = PBXGroup;
			children = (
				E3C2475E1AF9A87A00B0600E /* InterfaceController.swift */,
			);
			path = ViewControllers;
			sourceTree = "<group>";
		};
		E3C247601AF9A88B00B0600E /* Resources */ = {
			isa = PBXGroup;
			children = (
				E3C247611AF9A88B00B0600E /* Images.xcassets */,
			);
			path = Resources;
			sourceTree = "<group>";
		};
/* End PBXGroup section */

/* Begin PBXNativeTarget section */
		E3C246F61AF9118B00B0600E /* Contacts */ = {
			isa = PBXNativeTarget;
			buildConfigurationList = E3C247161AF9118C00B0600E /* Build configuration list for PBXNativeTarget "Contacts" */;
			buildPhases = (
				2B0C3657EE6BBB0D2781D883 /* Check Pods Manifest.lock */,
				E3C246F31AF9118B00B0600E /* Sources */,
				E3C246F41AF9118B00B0600E /* Frameworks */,
				E3C246F51AF9118B00B0600E /* Resources */,
				E3C2475B1AF9A13B00B0600E /* Embed App Extensions */,
				7A07CA62F69C6E9EF54F9295 /* Copy Pods Resources */,
			);
			buildRules = (
			);
			dependencies = (
				E3C247531AF9A13B00B0600E /* PBXTargetDependency */,
			);
			name = Contacts;
			productName = Contacts;
			productReference = E3C246F71AF9118B00B0600E /* Contacts.app */;
			productType = "com.apple.product-type.application";
		};
		E3C2470B1AF9118C00B0600E /* ContactsTests */ = {
			isa = PBXNativeTarget;
			buildConfigurationList = E3C247191AF9118C00B0600E /* Build configuration list for PBXNativeTarget "ContactsTests" */;
			buildPhases = (
				E3C247081AF9118C00B0600E /* Sources */,
				E3C247091AF9118C00B0600E /* Frameworks */,
				E3C2470A1AF9118C00B0600E /* Resources */,
			);
			buildRules = (
			);
			dependencies = (
				E3C2470E1AF9118C00B0600E /* PBXTargetDependency */,
			);
			name = ContactsTests;
			productName = ContactsTests;
			productReference = E3C2470C1AF9118C00B0600E /* ContactsTests.xctest */;
			productType = "com.apple.product-type.bundle.unit-test";
		};
		E3C2473B1AF9A13B00B0600E /* Contacts WatchKit Extension */ = {
			isa = PBXNativeTarget;
			buildConfigurationList = E3C247581AF9A13B00B0600E /* Build configuration list for PBXNativeTarget "Contacts WatchKit Extension" */;
			buildPhases = (
				97B68BFF2A781F270F9A7355 /* Check Pods Manifest.lock */,
				E3C247381AF9A13B00B0600E /* Sources */,
				E3C247391AF9A13B00B0600E /* Frameworks */,
				E3C2473A1AF9A13B00B0600E /* Resources */,
				9E70A1C50F84C316CDD0ACCE /* Copy Pods Resources */,
			);
			buildRules = (
			);
			dependencies = (
				E3C247491AF9A13B00B0600E /* PBXTargetDependency */,
			);
			name = "Contacts WatchKit Extension";
			productName = "Contacts WatchKit Extension";
			productReference = E3C2473C1AF9A13B00B0600E /* Contacts WatchKit Extension.appex */;
			productType = "com.apple.product-type.watchkit-extension";
		};
		E3C247451AF9A13B00B0600E /* Contacts WatchKit App */ = {
			isa = PBXNativeTarget;
			buildConfigurationList = E3C247551AF9A13B00B0600E /* Build configuration list for PBXNativeTarget "Contacts WatchKit App" */;
			buildPhases = (
				E3C247441AF9A13B00B0600E /* Resources */,
			);
			buildRules = (
			);
			dependencies = (
			);
			name = "Contacts WatchKit App";
			productName = "Contacts WatchKit App";
			productReference = E3C247461AF9A13B00B0600E /* Contacts WatchKit App.app */;
			productType = "com.apple.product-type.application.watchapp";
		};
/* End PBXNativeTarget section */

/* Begin PBXProject section */
		E3C246EF1AF9118B00B0600E /* Project object */ = {
			isa = PBXProject;
			attributes = {
				LastUpgradeCheck = 0630;
				ORGANIZATIONNAME = Tooploox;
				TargetAttributes = {
					E3C246F61AF9118B00B0600E = {
						CreatedOnToolsVersion = 6.3.1;
					};
					E3C2470B1AF9118C00B0600E = {
						CreatedOnToolsVersion = 6.3.1;
						TestTargetID = E3C246F61AF9118B00B0600E;
					};
					E3C2473B1AF9A13B00B0600E = {
						CreatedOnToolsVersion = 6.3.1;
					};
					E3C247451AF9A13B00B0600E = {
						CreatedOnToolsVersion = 6.3.1;
					};
				};
			};
			buildConfigurationList = E3C246F21AF9118B00B0600E /* Build configuration list for PBXProject "Contacts" */;
			compatibilityVersion = "Xcode 3.2";
			developmentRegion = English;
			hasScannedForEncodings = 0;
			knownRegions = (
				en,
				Base,
			);
			mainGroup = E3C246EE1AF9118B00B0600E;
			productRefGroup = E3C246F81AF9118B00B0600E /* Products */;
			projectDirPath = "";
			projectRoot = "";
			targets = (
				E3C246F61AF9118B00B0600E /* Contacts */,
				E3C2470B1AF9118C00B0600E /* ContactsTests */,
				E3C2473B1AF9A13B00B0600E /* Contacts WatchKit Extension */,
				E3C247451AF9A13B00B0600E /* Contacts WatchKit App */,
			);
		};
/* End PBXProject section */

/* Begin PBXResourcesBuildPhase section */
		E3C246F51AF9118B00B0600E /* Resources */ = {
			isa = PBXResourcesBuildPhase;
			buildActionMask = 2147483647;
			files = (
				E3C247021AF9118B00B0600E /* Main.storyboard in Resources */,
				E3C247211AF92D9200B0600E /* Images.xcassets in Resources */,
				E3C247071AF9118B00B0600E /* LaunchScreen.xib in Resources */,
			);
			runOnlyForDeploymentPostprocessing = 0;
		};
		E3C2470A1AF9118C00B0600E /* Resources */ = {
			isa = PBXResourcesBuildPhase;
			buildActionMask = 2147483647;
			files = (
			);
			runOnlyForDeploymentPostprocessing = 0;
		};
		E3C2473A1AF9A13B00B0600E /* Resources */ = {
			isa = PBXResourcesBuildPhase;
			buildActionMask = 2147483647;
			files = (
				E3C247621AF9A88B00B0600E /* Images.xcassets in Resources */,
				E3C247471AF9A13B00B0600E /* Contacts WatchKit App.app in Resources */,
			);
			runOnlyForDeploymentPostprocessing = 0;
		};
		E3C247441AF9A13B00B0600E /* Resources */ = {
			isa = PBXResourcesBuildPhase;
			buildActionMask = 2147483647;
			files = (
				E3C2474F1AF9A13B00B0600E /* Interface.storyboard in Resources */,
				E3C247511AF9A13B00B0600E /* Images.xcassets in Resources */,
			);
			runOnlyForDeploymentPostprocessing = 0;
		};
/* End PBXResourcesBuildPhase section */

/* Begin PBXShellScriptBuildPhase section */
		2B0C3657EE6BBB0D2781D883 /* Check Pods Manifest.lock */ = {
			isa = PBXShellScriptBuildPhase;
			buildActionMask = 2147483647;
			files = (
			);
			inputPaths = (
			);
			name = "Check Pods Manifest.lock";
			outputPaths = (
			);
			runOnlyForDeploymentPostprocessing = 0;
			shellPath = /bin/sh;
			shellScript = "diff \"${PODS_ROOT}/../Podfile.lock\" \"${PODS_ROOT}/Manifest.lock\" > /dev/null\nif [[ $? != 0 ]] ; then\n    cat << EOM\nerror: The sandbox is not in sync with the Podfile.lock. Run 'pod install' or update your CocoaPods installation.\nEOM\n    exit 1\nfi\n";
			showEnvVarsInLog = 0;
		};
		7A07CA62F69C6E9EF54F9295 /* Copy Pods Resources */ = {
			isa = PBXShellScriptBuildPhase;
			buildActionMask = 2147483647;
			files = (
			);
			inputPaths = (
			);
			name = "Copy Pods Resources";
			outputPaths = (
			);
			runOnlyForDeploymentPostprocessing = 0;
			shellPath = /bin/sh;
			shellScript = "\"${SRCROOT}/Pods/Target Support Files/Pods/Pods-resources.sh\"\n";
			showEnvVarsInLog = 0;
		};
		97B68BFF2A781F270F9A7355 /* Check Pods Manifest.lock */ = {
			isa = PBXShellScriptBuildPhase;
			buildActionMask = 2147483647;
			files = (
			);
			inputPaths = (
			);
			name = "Check Pods Manifest.lock";
			outputPaths = (
			);
			runOnlyForDeploymentPostprocessing = 0;
			shellPath = /bin/sh;
			shellScript = "diff \"${PODS_ROOT}/../Podfile.lock\" \"${PODS_ROOT}/Manifest.lock\" > /dev/null\nif [[ $? != 0 ]] ; then\n    cat << EOM\nerror: The sandbox is not in sync with the Podfile.lock. Run 'pod install' or update your CocoaPods installation.\nEOM\n    exit 1\nfi\n";
			showEnvVarsInLog = 0;
		};
		9E70A1C50F84C316CDD0ACCE /* Copy Pods Resources */ = {
			isa = PBXShellScriptBuildPhase;
			buildActionMask = 2147483647;
			files = (
			);
			inputPaths = (
			);
			name = "Copy Pods Resources";
			outputPaths = (
			);
			runOnlyForDeploymentPostprocessing = 0;
			shellPath = /bin/sh;
			shellScript = "\"${SRCROOT}/Pods/Target Support Files/Pods/Pods-resources.sh\"\n";
			showEnvVarsInLog = 0;
		};
/* End PBXShellScriptBuildPhase section */

/* Begin PBXSourcesBuildPhase section */
		E3C246F31AF9118B00B0600E /* Sources */ = {
			isa = PBXSourcesBuildPhase;
			buildActionMask = 2147483647;
			files = (
				E3C247331AF9379500B0600E /* ContactTableViewCell.swift in Sources */,
				E3C247351AF9972D00B0600E /* NewContactViewController.swift in Sources */,
				E3C247371AF99C6800B0600E /* ContactDetailsViewController.swift in Sources */,
				E3C2472E1AF931A600B0600E /* Contact.swift in Sources */,
				E3C2472B1AF92EF800B0600E /* ContactsTableViewController.swift in Sources */,
				E3C2471E1AF92D7500B0600E /* AppDelegate.swift in Sources */,
			);
			runOnlyForDeploymentPostprocessing = 0;
		};
		E3C247081AF9118C00B0600E /* Sources */ = {
			isa = PBXSourcesBuildPhase;
			buildActionMask = 2147483647;
			files = (
				E3C247131AF9118C00B0600E /* ContactsTests.swift in Sources */,
			);
			runOnlyForDeploymentPostprocessing = 0;
		};
		E3C247381AF9A13B00B0600E /* Sources */ = {
			isa = PBXSourcesBuildPhase;
			buildActionMask = 2147483647;
			files = (
				E3C2475F1AF9A87A00B0600E /* InterfaceController.swift in Sources */,
			);
			runOnlyForDeploymentPostprocessing = 0;
		};
/* End PBXSourcesBuildPhase section */

/* Begin PBXTargetDependency section */
		E3C2470E1AF9118C00B0600E /* PBXTargetDependency */ = {
			isa = PBXTargetDependency;
			target = E3C246F61AF9118B00B0600E /* Contacts */;
			targetProxy = E3C2470D1AF9118C00B0600E /* PBXContainerItemProxy */;
		};
		E3C247491AF9A13B00B0600E /* PBXTargetDependency */ = {
			isa = PBXTargetDependency;
			target = E3C247451AF9A13B00B0600E /* Contacts WatchKit App */;
			targetProxy = E3C247481AF9A13B00B0600E /* PBXContainerItemProxy */;
		};
		E3C247531AF9A13B00B0600E /* PBXTargetDependency */ = {
			isa = PBXTargetDependency;
			target = E3C2473B1AF9A13B00B0600E /* Contacts WatchKit Extension */;
			targetProxy = E3C247521AF9A13B00B0600E /* PBXContainerItemProxy */;
		};
/* End PBXTargetDependency section */

/* Begin PBXVariantGroup section */
		E3C247001AF9118B00B0600E /* Main.storyboard */ = {
			isa = PBXVariantGroup;
			children = (
				E3C247011AF9118B00B0600E /* Base */,
			);
			name = Main.storyboard;
			path = ..;
			sourceTree = "<group>";
		};
		E3C247051AF9118B00B0600E /* LaunchScreen.xib */ = {
			isa = PBXVariantGroup;
			children = (
				E3C247061AF9118B00B0600E /* Base */,
			);
			name = LaunchScreen.xib;
			path = ..;
			sourceTree = "<group>";
		};
		E3C2474D1AF9A13B00B0600E /* Interface.storyboard */ = {
			isa = PBXVariantGroup;
			children = (
				E3C2474E1AF9A13B00B0600E /* Base */,
			);
			name = Interface.storyboard;
			sourceTree = "<group>";
		};
/* End PBXVariantGroup section */

/* Begin XCBuildConfiguration section */
		E3C247141AF9118C00B0600E /* Debug */ = {
			isa = XCBuildConfiguration;
			buildSettings = {
				ALWAYS_SEARCH_USER_PATHS = NO;
				CLANG_CXX_LANGUAGE_STANDARD = "gnu++0x";
				CLANG_CXX_LIBRARY = "libc++";
				CLANG_ENABLE_MODULES = YES;
				CLANG_ENABLE_OBJC_ARC = YES;
				CLANG_WARN_BOOL_CONVERSION = YES;
				CLANG_WARN_CONSTANT_CONVERSION = YES;
				CLANG_WARN_DIRECT_OBJC_ISA_USAGE = YES_ERROR;
				CLANG_WARN_EMPTY_BODY = YES;
				CLANG_WARN_ENUM_CONVERSION = YES;
				CLANG_WARN_INT_CONVERSION = YES;
				CLANG_WARN_OBJC_ROOT_CLASS = YES_ERROR;
				CLANG_WARN_UNREACHABLE_CODE = YES;
				CLANG_WARN__DUPLICATE_METHOD_MATCH = YES;
				"CODE_SIGN_IDENTITY[sdk=iphoneos*]" = "iPhone Developer";
				COPY_PHASE_STRIP = NO;
				DEBUG_INFORMATION_FORMAT = "dwarf-with-dsym";
				ENABLE_STRICT_OBJC_MSGSEND = YES;
				GCC_C_LANGUAGE_STANDARD = gnu99;
				GCC_DYNAMIC_NO_PIC = NO;
				GCC_NO_COMMON_BLOCKS = YES;
				GCC_OPTIMIZATION_LEVEL = 0;
				GCC_PREPROCESSOR_DEFINITIONS = (
					"DEBUG=1",
					"$(inherited)",
				);
				GCC_SYMBOLS_PRIVATE_EXTERN = NO;
				GCC_WARN_64_TO_32_BIT_CONVERSION = YES;
				GCC_WARN_ABOUT_RETURN_TYPE = YES_ERROR;
				GCC_WARN_UNDECLARED_SELECTOR = YES;
				GCC_WARN_UNINITIALIZED_AUTOS = YES_AGGRESSIVE;
				GCC_WARN_UNUSED_FUNCTION = YES;
				GCC_WARN_UNUSED_VARIABLE = YES;
				IPHONEOS_DEPLOYMENT_TARGET = 8.3;
				MTL_ENABLE_DEBUG_INFO = YES;
				ONLY_ACTIVE_ARCH = YES;
				SDKROOT = iphoneos;
				SWIFT_OPTIMIZATION_LEVEL = "-Onone";
			};
			name = Debug;
		};
		E3C247151AF9118C00B0600E /* Release */ = {
			isa = XCBuildConfiguration;
			buildSettings = {
				ALWAYS_SEARCH_USER_PATHS = NO;
				CLANG_CXX_LANGUAGE_STANDARD = "gnu++0x";
				CLANG_CXX_LIBRARY = "libc++";
				CLANG_ENABLE_MODULES = YES;
				CLANG_ENABLE_OBJC_ARC = YES;
				CLANG_WARN_BOOL_CONVERSION = YES;
				CLANG_WARN_CONSTANT_CONVERSION = YES;
				CLANG_WARN_DIRECT_OBJC_ISA_USAGE = YES_ERROR;
				CLANG_WARN_EMPTY_BODY = YES;
				CLANG_WARN_ENUM_CONVERSION = YES;
				CLANG_WARN_INT_CONVERSION = YES;
				CLANG_WARN_OBJC_ROOT_CLASS = YES_ERROR;
				CLANG_WARN_UNREACHABLE_CODE = YES;
				CLANG_WARN__DUPLICATE_METHOD_MATCH = YES;
				"CODE_SIGN_IDENTITY[sdk=iphoneos*]" = "iPhone Developer";
				COPY_PHASE_STRIP = NO;
				DEBUG_INFORMATION_FORMAT = "dwarf-with-dsym";
				ENABLE_NS_ASSERTIONS = NO;
				ENABLE_STRICT_OBJC_MSGSEND = YES;
				GCC_C_LANGUAGE_STANDARD = gnu99;
				GCC_NO_COMMON_BLOCKS = YES;
				GCC_WARN_64_TO_32_BIT_CONVERSION = YES;
				GCC_WARN_ABOUT_RETURN_TYPE = YES_ERROR;
				GCC_WARN_UNDECLARED_SELECTOR = YES;
				GCC_WARN_UNINITIALIZED_AUTOS = YES_AGGRESSIVE;
				GCC_WARN_UNUSED_FUNCTION = YES;
				GCC_WARN_UNUSED_VARIABLE = YES;
				IPHONEOS_DEPLOYMENT_TARGET = 8.3;
				MTL_ENABLE_DEBUG_INFO = NO;
				SDKROOT = iphoneos;
				VALIDATE_PRODUCT = YES;
			};
			name = Release;
		};
		E3C247171AF9118C00B0600E /* Debug */ = {
			isa = XCBuildConfiguration;
			baseConfigurationReference = CEEA707B8317AA646FDE94E8 /* Pods.debug.xcconfig */;
			buildSettings = {
				ASSETCATALOG_COMPILER_APPICON_NAME = AppIcon;
				INFOPLIST_FILE = Contacts/Info.plist;
				LD_RUNPATH_SEARCH_PATHS = "$(inherited) @executable_path/Frameworks";
				PRODUCT_NAME = "$(TARGET_NAME)";
			};
			name = Debug;
		};
		E3C247181AF9118C00B0600E /* Release */ = {
			isa = XCBuildConfiguration;
			baseConfigurationReference = 78DB22EC455DF6D2DEDD374F /* Pods.release.xcconfig */;
			buildSettings = {
				ASSETCATALOG_COMPILER_APPICON_NAME = AppIcon;
				INFOPLIST_FILE = Contacts/Info.plist;
				LD_RUNPATH_SEARCH_PATHS = "$(inherited) @executable_path/Frameworks";
				PRODUCT_NAME = "$(TARGET_NAME)";
			};
			name = Release;
		};
		E3C2471A1AF9118C00B0600E /* Debug */ = {
			isa = XCBuildConfiguration;
			buildSettings = {
				BUNDLE_LOADER = "$(TEST_HOST)";
				FRAMEWORK_SEARCH_PATHS = (
					"$(SDKROOT)/Developer/Library/Frameworks",
					"$(inherited)",
				);
				GCC_PREPROCESSOR_DEFINITIONS = (
					"DEBUG=1",
					"$(inherited)",
				);
				INFOPLIST_FILE = ContactsTests/Info.plist;
				LD_RUNPATH_SEARCH_PATHS = "$(inherited) @executable_path/Frameworks @loader_path/Frameworks";
				PRODUCT_NAME = "$(TARGET_NAME)";
				TEST_HOST = "$(BUILT_PRODUCTS_DIR)/Contacts.app/Contacts";
			};
			name = Debug;
		};
		E3C2471B1AF9118C00B0600E /* Release */ = {
			isa = XCBuildConfiguration;
			buildSettings = {
				BUNDLE_LOADER = "$(TEST_HOST)";
				FRAMEWORK_SEARCH_PATHS = (
					"$(SDKROOT)/Developer/Library/Frameworks",
					"$(inherited)",
				);
				INFOPLIST_FILE = ContactsTests/Info.plist;
				LD_RUNPATH_SEARCH_PATHS = "$(inherited) @executable_path/Frameworks @loader_path/Frameworks";
				PRODUCT_NAME = "$(TARGET_NAME)";
				TEST_HOST = "$(BUILT_PRODUCTS_DIR)/Contacts.app/Contacts";
			};
			name = Release;
		};
		E3C247561AF9A13B00B0600E /* Debug */ = {
			isa = XCBuildConfiguration;
			buildSettings = {
				ASSETCATALOG_COMPILER_APPICON_NAME = AppIcon;
				GCC_PREPROCESSOR_DEFINITIONS = (
					"DEBUG=1",
					"$(inherited)",
				);
				IBSC_MODULE = Contacts_WatchKit_Extension;
				INFOPLIST_FILE = "Contacts WatchKit App/Info.plist";
				IPHONEOS_DEPLOYMENT_TARGET = 8.2;
				PRODUCT_NAME = "$(TARGET_NAME)";
				SKIP_INSTALL = YES;
				TARGETED_DEVICE_FAMILY = 4;
				"TARGETED_DEVICE_FAMILY[sdk=iphonesimulator*]" = "1,4";
			};
			name = Debug;
		};
		E3C247571AF9A13B00B0600E /* Release */ = {
			isa = XCBuildConfiguration;
			buildSettings = {
				ASSETCATALOG_COMPILER_APPICON_NAME = AppIcon;
				IBSC_MODULE = Contacts_WatchKit_Extension;
				INFOPLIST_FILE = "Contacts WatchKit App/Info.plist";
				IPHONEOS_DEPLOYMENT_TARGET = 8.2;
				PRODUCT_NAME = "$(TARGET_NAME)";
				SKIP_INSTALL = YES;
				TARGETED_DEVICE_FAMILY = 4;
				"TARGETED_DEVICE_FAMILY[sdk=iphonesimulator*]" = "1,4";
			};
			name = Release;
		};
		E3C247591AF9A13B00B0600E /* Debug */ = {
			isa = XCBuildConfiguration;
			baseConfigurationReference = CEEA707B8317AA646FDE94E8 /* Pods.debug.xcconfig */;
			buildSettings = {
				GCC_PREPROCESSOR_DEFINITIONS = (
					"DEBUG=1",
					"$(inherited)",
				);
				INFOPLIST_FILE = "Contacts WatchKit Extension/Info.plist";
				LD_RUNPATH_SEARCH_PATHS = "$(inherited) @executable_path/Frameworks @executable_path/../../Frameworks";
				PRODUCT_NAME = "${TARGET_NAME}";
				SKIP_INSTALL = YES;
			};
			name = Debug;
		};
		E3C2475A1AF9A13B00B0600E /* Release */ = {
			isa = XCBuildConfiguration;
			baseConfigurationReference = 78DB22EC455DF6D2DEDD374F /* Pods.release.xcconfig */;
			buildSettings = {
				INFOPLIST_FILE = "Contacts WatchKit Extension/Info.plist";
				LD_RUNPATH_SEARCH_PATHS = "$(inherited) @executable_path/Frameworks @executable_path/../../Frameworks";
				PRODUCT_NAME = "${TARGET_NAME}";
				SKIP_INSTALL = YES;
			};
			name = Release;
		};
/* End XCBuildConfiguration section */

/* Begin XCConfigurationList section */
		E3C246F21AF9118B00B0600E /* Build configuration list for PBXProject "Contacts" */ = {
			isa = XCConfigurationList;
			buildConfigurations = (
				E3C247141AF9118C00B0600E /* Debug */,
				E3C247151AF9118C00B0600E /* Release */,
			);
			defaultConfigurationIsVisible = 0;
			defaultConfigurationName = Release;
		};
		E3C247161AF9118C00B0600E /* Build configuration list for PBXNativeTarget "Contacts" */ = {
			isa = XCConfigurationList;
			buildConfigurations = (
				E3C247171AF9118C00B0600E /* Debug */,
				E3C247181AF9118C00B0600E /* Release */,
			);
			defaultConfigurationIsVisible = 0;
			defaultConfigurationName = Release;
		};
		E3C247191AF9118C00B0600E /* Build configuration list for PBXNativeTarget "ContactsTests" */ = {
			isa = XCConfigurationList;
			buildConfigurations = (
				E3C2471A1AF9118C00B0600E /* Debug */,
				E3C2471B1AF9118C00B0600E /* Release */,
			);
			defaultConfigurationIsVisible = 0;
			defaultConfigurationName = Release;
		};
		E3C247551AF9A13B00B0600E /* Build configuration list for PBXNativeTarget "Contacts WatchKit App" */ = {
			isa = XCConfigurationList;
			buildConfigurations = (
				E3C247561AF9A13B00B0600E /* Debug */,
				E3C247571AF9A13B00B0600E /* Release */,
			);
			defaultConfigurationIsVisible = 0;
			defaultConfigurationName = Release;
		};
		E3C247581AF9A13B00B0600E /* Build configuration list for PBXNativeTarget "Contacts WatchKit Extension" */ = {
			isa = XCConfigurationList;
			buildConfigurations = (
				E3C247591AF9A13B00B0600E /* Debug */,
				E3C2475A1AF9A13B00B0600E /* Release */,
			);
			defaultConfigurationIsVisible = 0;
			defaultConfigurationName = Release;
		};
/* End XCConfigurationList section */
	};
	rootObject = E3C246EF1AF9118B00B0600E /* Project object */;
}
